
Microsoft Visual Studio Solution File, Format Version 12.00
# Visual Studio Version 17
VisualStudioVersion = 17.13.35828.75 d17.13
MinimumVisualStudioVersion = 10.0.40219.1
Project("{FAE04EC0-301F-11D3-BF4B-00C04F79EFBC}") = "KonkursZaPosao", "KonkursZaPosao\KonkursZaPosao.csproj", "{31FD1A54-D12B-49C1-A3B0-9DDCD561BA9C}"
EndProject
Global
	GlobalSection(SolutionConfigurationPlatforms) = preSolution
		Debug|Any CPU = Debug|Any CPU
		Release|Any CPU = Release|Any CPU
	EndGlobalSection
	GlobalSection(ProjectConfigurationPlatforms) = postSolution
		{31FD1A54-D12B-49C1-A3B0-9DDCD561BA9C}.Debug|Any CPU.ActiveCfg = Debug|Any CPU
		{31FD1A54-D12B-49C1-A3B0-9DDCD561BA9C}.Debug|Any CPU.Build.0 = Debug|Any CPU
		{31FD1A54-D12B-49C1-A3B0-9DDCD561BA9C}.Release|Any CPU.ActiveCfg = Release|Any CPU
		{31FD1A54-D12B-49C1-A3B0-9DDCD561BA9C}.Release|Any CPU.Build.0 = Release|Any CPU
	EndGlobalSection
	GlobalSection(SolutionProperties) = preSolution
		HideSolutionNode = FALSE
	EndGlobalSection
	GlobalSection(ExtensibilityGlobals) = postSolution
		SolutionGuid = {821B48D5-ADA6-409B-BCF0-DAAD777FC0E9}
	EndGlobalSection
EndGlobal
